{
  "pins" : [
    {
      "identity" : "takuuid",
      "kind" : "remoteSourceControl",
      "location" : "https://github.com/taka0125/TAKUUID.git",
      "state" : {
        "revision" : "5eab7cd648fc4f6dc5844438fed8eaafb0e48063",
        "version" : "1.6.0"
      }
    },
    {
      "identity" : "url-image",
      "kind" : "remoteSourceControl",
      "location" : "https://github.com/dmytro-anokhin/url-image",
      "state" : {
        "revision" : "4042f955f1fdff00ced85545e1eecdbf969b5cd0",
        "version" : "3.1.1"
      }
    }
  ],
  "version" : 2
}
